// !$*UTF8*$!
{
	archiveVersion = 1;
	classes = {
	};
	objectVersion = 51;
	objects = {

/* Begin PBXBuildFile section */
		B05385C4C3B1C48A261FBE97 /* Pods_Itunes_Search.framework in Frameworks */ = {isa = PBXBuildFile; fileRef = 2D8BBB0035FC453C68510FB1 /* Pods_Itunes_Search.framework */; };
		BCC8133A26748925007106EB /* AppDelegate.swift in Sources */ = {isa = PBXBuildFile; fileRef = BCC8133926748925007106EB /* AppDelegate.swift */; };
		BCC8133C26748925007106EB /* SceneDelegate.swift in Sources */ = {isa = PBXBuildFile; fileRef = BCC8133B26748925007106EB /* SceneDelegate.swift */; };
		BCC8133E26748925007106EB /* ViewController.swift in Sources */ = {isa = PBXBuildFile; fileRef = BCC8133D26748925007106EB /* ViewController.swift */; };
		BCC8134126748925007106EB /* Main.storyboard in Resources */ = {isa = PBXBuildFile; fileRef = BCC8133F26748925007106EB /* Main.storyboard */; };
		BCC8134326748926007106EB /* Assets.xcassets in Resources */ = {isa = PBXBuildFile; fileRef = BCC8134226748926007106EB /* Assets.xcassets */; };
		BCC8134626748926007106EB /* LaunchScreen.storyboard in Resources */ = {isa = PBXBuildFile; fileRef = BCC8134426748926007106EB /* LaunchScreen.storyboard */; };
		BCC8134E2674926E007106EB /* SearchController.swift in Sources */ = {isa = PBXBuildFile; fileRef = BCC8134D2674926E007106EB /* SearchController.swift */; };
		BCC8135026749286007106EB /* FavoriteController.swift in Sources */ = {isa = PBXBuildFile; fileRef = BCC8134F26749286007106EB /* FavoriteController.swift */; };
		BCC81353267505CF007106EB /* SearchCell.swift in Sources */ = {isa = PBXBuildFile; fileRef = BCC81351267505CF007106EB /* SearchCell.swift */; };
		BCC81354267505CF007106EB /* SearchCell.xib in Resources */ = {isa = PBXBuildFile; fileRef = BCC81352267505CF007106EB /* SearchCell.xib */; };
		BCC8135626751076007106EB /* Network.swift in Sources */ = {isa = PBXBuildFile; fileRef = BCC8135526751076007106EB /* Network.swift */; };
		BCC81358267510C7007106EB /* GlobalVariable.swift in Sources */ = {isa = PBXBuildFile; fileRef = BCC81357267510C7007106EB /* GlobalVariable.swift */; };
		BCC8135A2675306C007106EB /* TrackModel.swift in Sources */ = {isa = PBXBuildFile; fileRef = BCC813592675306C007106EB /* TrackModel.swift */; };
		BCC8135D26753351007106EB /* TrackCell.swift in Sources */ = {isa = PBXBuildFile; fileRef = BCC8135B26753351007106EB /* TrackCell.swift */; };
		BCC8135E26753351007106EB /* TrackCell.xib in Resources */ = {isa = PBXBuildFile; fileRef = BCC8135C26753351007106EB /* TrackCell.xib */; };
/* End PBXBuildFile section */

/* Begin PBXFileReference section */
		2D8BBB0035FC453C68510FB1 /* Pods_Itunes_Search.framework */ = {isa = PBXFileReference; explicitFileType = wrapper.framework; includeInIndex = 0; path = Pods_Itunes_Search.framework; sourceTree = BUILT_PRODUCTS_DIR; };
		6DAB847A870146053FDEFAB5 /* Pods-Itunes Search.debug.xcconfig */ = {isa = PBXFileReference; includeInIndex = 1; lastKnownFileType = text.xcconfig; name = "Pods-Itunes Search.debug.xcconfig"; path = "Target Support Files/Pods-Itunes Search/Pods-Itunes Search.debug.xcconfig"; sourceTree = "<group>"; };
		BCC8133626748925007106EB /* Itunes Search.app */ = {isa = PBXFileReference; explicitFileType = wrapper.application; includeInIndex = 0; path = "Itunes Search.app"; sourceTree = BUILT_PRODUCTS_DIR; };
		BCC8133926748925007106EB /* AppDelegate.swift */ = {isa = PBXFileReference; lastKnownFileType = sourcecode.swift; path = AppDelegate.swift; sourceTree = "<group>"; };
		BCC8133B26748925007106EB /* SceneDelegate.swift */ = {isa = PBXFileReference; lastKnownFileType = sourcecode.swift; path = SceneDelegate.swift; sourceTree = "<group>"; };
		BCC8133D26748925007106EB /* ViewController.swift */ = {isa = PBXFileReference; lastKnownFileType = sourcecode.swift; path = ViewController.swift; sourceTree = "<group>"; };
		BCC8134026748925007106EB /* Base */ = {isa = PBXFileReference; lastKnownFileType = file.storyboard; name = Base; path = Base.lproj/Main.storyboard; sourceTree = "<group>"; };
		BCC8134226748926007106EB /* Assets.xcassets */ = {isa = PBXFileReference; lastKnownFileType = folder.assetcatalog; path = Assets.xcassets; sourceTree = "<group>"; };
		BCC8134526748926007106EB /* Base */ = {isa = PBXFileReference; lastKnownFileType = file.storyboard; name = Base; path = Base.lproj/LaunchScreen.storyboard; sourceTree = "<group>"; };
		BCC8134726748926007106EB /* Info.plist */ = {isa = PBXFileReference; lastKnownFileType = text.plist.xml; path = Info.plist; sourceTree = "<group>"; };
		BCC8134D2674926E007106EB /* SearchController.swift */ = {isa = PBXFileReference; lastKnownFileType = sourcecode.swift; path = SearchController.swift; sourceTree = "<group>"; };
		BCC8134F26749286007106EB /* FavoriteController.swift */ = {isa = PBXFileReference; lastKnownFileType = sourcecode.swift; path = FavoriteController.swift; sourceTree = "<group>"; };
		BCC81351267505CF007106EB /* SearchCell.swift */ = {isa = PBXFileReference; lastKnownFileType = sourcecode.swift; path = SearchCell.swift; sourceTree = "<group>"; };
		BCC81352267505CF007106EB /* SearchCell.xib */ = {isa = PBXFileReference; lastKnownFileType = file.xib; path = SearchCell.xib; sourceTree = "<group>"; };
		BCC8135526751076007106EB /* Network.swift */ = {isa = PBXFileReference; lastKnownFileType = sourcecode.swift; path = Network.swift; sourceTree = "<group>"; };
		BCC81357267510C7007106EB /* GlobalVariable.swift */ = {isa = PBXFileReference; lastKnownFileType = sourcecode.swift; path = GlobalVariable.swift; sourceTree = "<group>"; };
		BCC813592675306C007106EB /* TrackModel.swift */ = {isa = PBXFileReference; lastKnownFileType = sourcecode.swift; path = TrackModel.swift; sourceTree = "<group>"; };
		BCC8135B26753351007106EB /* TrackCell.swift */ = {isa = PBXFileReference; lastKnownFileType = sourcecode.swift; path = TrackCell.swift; sourceTree = "<group>"; };
		BCC8135C26753351007106EB /* TrackCell.xib */ = {isa = PBXFileReference; lastKnownFileType = file.xib; path = TrackCell.xib; sourceTree = "<group>"; };
		F2F3A144170604D7441C5EBF /* Pods-Itunes Search.release.xcconfig */ = {isa = PBXFileReference; includeInIndex = 1; lastKnownFileType = text.xcconfig; name = "Pods-Itunes Search.release.xcconfig"; path = "Target Support Files/Pods-Itunes Search/Pods-Itunes Search.release.xcconfig"; sourceTree = "<group>"; };
/* End PBXFileReference section */

/* Begin PBXFrameworksBuildPhase section */
		BCC8133326748925007106EB /* Frameworks */ = {
			isa = PBXFrameworksBuildPhase;
			buildActionMask = 2147483647;
			files = (
				B05385C4C3B1C48A261FBE97 /* Pods_Itunes_Search.framework in Frameworks */,
			);
			runOnlyForDeploymentPostprocessing = 0;
		};
/* End PBXFrameworksBuildPhase section */

/* Begin PBXGroup section */
		7DACFDA1A7E6F486CB8259E7 /* Pods */ = {
			isa = PBXGroup;
			children = (
				6DAB847A870146053FDEFAB5 /* Pods-Itunes Search.debug.xcconfig */,
				F2F3A144170604D7441C5EBF /* Pods-Itunes Search.release.xcconfig */,
			);
			path = Pods;
			sourceTree = "<group>";
		};
		AA0C3D7BB12AED19569A6F83 /* Frameworks */ = {
			isa = PBXGroup;
			children = (
				2D8BBB0035FC453C68510FB1 /* Pods_Itunes_Search.framework */,
			);
			name = Frameworks;
			sourceTree = "<group>";
		};
		BCC8132D26748925007106EB = {
			isa = PBXGroup;
			children = (
				BCC8133826748925007106EB /* Itunes Search */,
				BCC8133726748925007106EB /* Products */,
				7DACFDA1A7E6F486CB8259E7 /* Pods */,
				AA0C3D7BB12AED19569A6F83 /* Frameworks */,
			);
			sourceTree = "<group>";
		};
		BCC8133726748925007106EB /* Products */ = {
			isa = PBXGroup;
			children = (
				BCC8133626748925007106EB /* Itunes Search.app */,
			);
			name = Products;
			sourceTree = "<group>";
		};
		BCC8133826748925007106EB /* Itunes Search */ = {
			isa = PBXGroup;
			children = (
				BCC8133926748925007106EB /* AppDelegate.swift */,
				BCC8133B26748925007106EB /* SceneDelegate.swift */,
				BCC8133D26748925007106EB /* ViewController.swift */,
				BCC8133F26748925007106EB /* Main.storyboard */,
				BCC8134D2674926E007106EB /* SearchController.swift */,
				BCC8135B26753351007106EB /* TrackCell.swift */,
				BCC8135C26753351007106EB /* TrackCell.xib */,
				BCC813592675306C007106EB /* TrackModel.swift */,
				BCC8135526751076007106EB /* Network.swift */,
				BCC81357267510C7007106EB /* GlobalVariable.swift */,
				BCC81351267505CF007106EB /* SearchCell.swift */,
				BCC81352267505CF007106EB /* SearchCell.xib */,
				BCC8134F26749286007106EB /* FavoriteController.swift */,
				BCC8134226748926007106EB /* Assets.xcassets */,
				BCC8134426748926007106EB /* LaunchScreen.storyboard */,
				BCC8134726748926007106EB /* Info.plist */,
			);
			path = "Itunes Search";
			sourceTree = "<group>";
		};
/* End PBXGroup section */

/* Begin PBXNativeTarget section */
		BCC8133526748925007106EB /* Itunes Search */ = {
			isa = PBXNativeTarget;
			buildConfigurationList = BCC8134A26748926007106EB /* Build configuration list for PBXNativeTarget "Itunes Search" */;
			buildPhases = (
				4AEF068575907C02D3E07B12 /* [CP] Check Pods Manifest.lock */,
				BCC8133226748925007106EB /* Sources */,
				BCC8133326748925007106EB /* Frameworks */,
				BCC8133426748925007106EB /* Resources */,
				8D51C848AA7289C83765C79D /* [CP] Embed Pods Frameworks */,
			);
			buildRules = (
			);
			dependencies = (
			);
			name = "Itunes Search";
			productName = "Itunes Search";
			productReference = BCC8133626748925007106EB /* Itunes Search.app */;
			productType = "com.apple.product-type.application";
		};
/* End PBXNativeTarget section */

/* Begin PBXProject section */
		BCC8132E26748925007106EB /* Project object */ = {
			isa = PBXProject;
			attributes = {
				LastSwiftUpdateCheck = 1250;
				LastUpgradeCheck = 1250;
				TargetAttributes = {
					BCC8133526748925007106EB = {
						CreatedOnToolsVersion = 12.5;
					};
				};
			};
			buildConfigurationList = BCC8133126748925007106EB /* Build configuration list for PBXProject "Itunes Search" */;
			compatibilityVersion = "Xcode 9.3";
			developmentRegion = en;
			hasScannedForEncodings = 0;
			knownRegions = (
				en,
				Base,
			);
			mainGroup = BCC8132D26748925007106EB;
			productRefGroup = BCC8133726748925007106EB /* Products */;
			projectDirPath = "";
			projectRoot = "";
			targets = (
				BCC8133526748925007106EB /* Itunes Search */,
			);
		};
/* End PBXProject section */

/* Begin PBXResourcesBuildPhase section */
		BCC8133426748925007106EB /* Resources */ = {
			isa = PBXResourcesBuildPhase;
			buildActionMask = 2147483647;
			files = (
				BCC8134626748926007106EB /* LaunchScreen.storyboard in Resources */,
				BCC8135E26753351007106EB /* TrackCell.xib in Resources */,
				BCC81354267505CF007106EB /* SearchCell.xib in Resources */,
				BCC8134326748926007106EB /* Assets.xcassets in Resources */,
				BCC8134126748925007106EB /* Main.storyboard in Resources */,
			);
			runOnlyForDeploymentPostprocessing = 0;
		};
/* End PBXResourcesBuildPhase section */

/* Begin PBXShellScriptBuildPhase section */
		4AEF068575907C02D3E07B12 /* [CP] Check Pods Manifest.lock */ = {
			isa = PBXShellScriptBuildPhase;
			buildActionMask = 2147483647;
			files = (
			);
			inputFileListPaths = (
			);
			inputPaths = (
				"${PODS_PODFILE_DIR_PATH}/Podfile.lock",
				"${PODS_ROOT}/Manifest.lock",
			);
			name = "[CP] Check Pods Manifest.lock";
			outputFileListPaths = (
			);
			outputPaths = (
				"$(DERIVED_FILE_DIR)/Pods-Itunes Search-checkManifestLockResult.txt",
			);
			runOnlyForDeploymentPostprocessing = 0;
			shellPath = /bin/sh;
			shellScript = "diff \"${PODS_PODFILE_DIR_PATH}/Podfile.lock\" \"${PODS_ROOT}/Manifest.lock\" > /dev/null\nif [ $? != 0 ] ; then\n    # print error to STDERR\n    echo \"error: The sandbox is not in sync with the Podfile.lock. Run 'pod install' or update your CocoaPods installation.\" >&2\n    exit 1\nfi\n# This output is used by Xcode 'outputs' to avoid re-running this script phase.\necho \"SUCCESS\" > \"${SCRIPT_OUTPUT_FILE_0}\"\n";
			showEnvVarsInLog = 0;
		};
		8D51C848AA7289C83765C79D /* [CP] Embed Pods Frameworks */ = {
			isa = PBXShellScriptBuildPhase;
			buildActionMask = 2147483647;
			files = (
			);
			inputFileListPaths = (
				"${PODS_ROOT}/Target Support Files/Pods-Itunes Search/Pods-Itunes Search-frameworks-${CONFIGURATION}-input-files.xcfilelist",
			);
			name = "[CP] Embed Pods Frameworks";
			outputFileListPaths = (
				"${PODS_ROOT}/Target Support Files/Pods-Itunes Search/Pods-Itunes Search-frameworks-${CONFIGURATION}-output-files.xcfilelist",
			);
			runOnlyForDeploymentPostprocessing = 0;
			shellPath = /bin/sh;
			shellScript = "\"${PODS_ROOT}/Target Support Files/Pods-Itunes Search/Pods-Itunes Search-frameworks.sh\"\n";
			showEnvVarsInLog = 0;
		};
/* End PBXShellScriptBuildPhase section */

/* Begin PBXSourcesBuildPhase section */
		BCC8133226748925007106EB /* Sources */ = {
			isa = PBXSourcesBuildPhase;
			buildActionMask = 2147483647;
			files = (
				BCC8135026749286007106EB /* FavoriteController.swift in Sources */,
				BCC81353267505CF007106EB /* SearchCell.swift in Sources */,
				BCC8133E26748925007106EB /* ViewController.swift in Sources */,
				BCC8133A26748925007106EB /* AppDelegate.swift in Sources */,
				BCC8135A2675306C007106EB /* TrackModel.swift in Sources */,
				BCC8135D26753351007106EB /* TrackCell.swift in Sources */,
				BCC8133C26748925007106EB /* SceneDelegate.swift in Sources */,
				BCC8135626751076007106EB /* Network.swift in Sources */,
				BCC81358267510C7007106EB /* GlobalVariable.swift in Sources */,
				BCC8134E2674926E007106EB /* SearchController.swift in Sources */,
			);
			runOnlyForDeploymentPostprocessing = 0;
		};
/* End PBXSourcesBuildPhase section */

/* Begin PBXVariantGroup section */
		BCC8133F26748925007106EB /* Main.storyboard */ = {
			isa = PBXVariantGroup;
			children = (
				BCC8134026748925007106EB /* Base */,
			);
			name = Main.storyboard;
			sourceTree = "<group>";
		};
		BCC8134426748926007106EB /* LaunchScreen.storyboard */ = {
			isa = PBXVariantGroup;
			children = (
				BCC8134526748926007106EB /* Base */,
			);
			name = LaunchScreen.storyboard;
			sourceTree = "<group>";
		};
/* End PBXVariantGroup section */

/* Begin XCBuildConfiguration section */
		BCC8134826748926007106EB /* Debug */ = {
			isa = XCBuildConfiguration;
			buildSettings = {
				ALWAYS_SEARCH_USER_PATHS = NO;
				CLANG_ANALYZER_NONNULL = YES;
				CLANG_ANALYZER_NUMBER_OBJECT_CONVERSION = YES_AGGRESSIVE;
				CLANG_CXX_LANGUAGE_STANDARD = "gnu++14";
				CLANG_CXX_LIBRARY = "libc++";
				CLANG_ENABLE_MODULES = YES;
				CLANG_ENABLE_OBJC_ARC = YES;
				CLANG_ENABLE_OBJC_WEAK = YES;
				CLANG_WARN_BLOCK_CAPTURE_AUTORELEASING = YES;
				CLANG_WARN_BOOL_CONVERSION = YES;
				CLANG_WARN_COMMA = YES;
				CLANG_WARN_CONSTANT_CONVERSION = YES;
				CLANG_WARN_DEPRECATED_OBJC_IMPLEMENTATIONS = YES;
				CLANG_WARN_DIRECT_OBJC_ISA_USAGE = YES_ERROR;
				CLANG_WARN_DOCUMENTATION_COMMENTS = YES;
				CLANG_WARN_EMPTY_BODY = YES;
				CLANG_WARN_ENUM_CONVERSION = YES;
				CLANG_WARN_INFINITE_RECURSION = YES;
				CLANG_WARN_INT_CONVERSION = YES;
				CLANG_WARN_NON_LITERAL_NULL_CONVERSION = YES;
				CLANG_WARN_OBJC_IMPLICIT_RETAIN_SELF = YES;
				CLANG_WARN_OBJC_LITERAL_CONVERSION = YES;
				CLANG_WARN_OBJC_ROOT_CLASS = YES_ERROR;
				CLANG_WARN_QUOTED_INCLUDE_IN_FRAMEWORK_HEADER = YES;
				CLANG_WARN_RANGE_LOOP_ANALYSIS = YES;
				CLANG_WARN_STRICT_PROTOTYPES = YES;
				CLANG_WARN_SUSPICIOUS_MOVE = YES;
				CLANG_WARN_UNGUARDED_AVAILABILITY = YES_AGGRESSIVE;
				CLANG_WARN_UNREACHABLE_CODE = YES;
				CLANG_WARN__DUPLICATE_METHOD_MATCH = YES;
				COPY_PHASE_STRIP = NO;
				DEBUG_INFORMATION_FORMAT = dwarf;
				ENABLE_STRICT_OBJC_MSGSEND = YES;
				ENABLE_TESTABILITY = YES;
				GCC_C_LANGUAGE_STANDARD = gnu11;
				GCC_DYNAMIC_NO_PIC = NO;
				GCC_NO_COMMON_BLOCKS = YES;
				GCC_OPTIMIZATION_LEVEL = 0;
				GCC_PREPROCESSOR_DEFINITIONS = (
					"DEBUG=1",
					"$(inherited)",
				);
				GCC_WARN_64_TO_32_BIT_CONVERSION = YES;
				GCC_WARN_ABOUT_RETURN_TYPE = YES_ERROR;
				GCC_WARN_UNDECLARED_SELECTOR = YES;
				GCC_WARN_UNINITIALIZED_AUTOS = YES_AGGRESSIVE;
				GCC_WARN_UNUSED_FUNCTION = YES;
				GCC_WARN_UNUSED_VARIABLE = YES;
				IPHONEOS_DEPLOYMENT_TARGET = 14.5;
				MTL_ENABLE_DEBUG_INFO = INCLUDE_SOURCE;
				MTL_FAST_MATH = YES;
				ONLY_ACTIVE_ARCH = YES;
				SDKROOT = iphoneos;
				SWIFT_ACTIVE_COMPILATION_CONDITIONS = DEBUG;
				SWIFT_OPTIMIZATION_LEVEL = "-Onone";
			};
			name = Debug;
		};
		BCC8134926748926007106EB /* Release */ = {
			isa = XCBuildConfiguration;
			buildSettings = {
				ALWAYS_SEARCH_USER_PATHS = NO;
				CLANG_ANALYZER_NONNULL = YES;
				CLANG_ANALYZER_NUMBER_OBJECT_CONVERSION = YES_AGGRESSIVE;
				CLANG_CXX_LANGUAGE_STANDARD = "gnu++14";
				CLANG_CXX_LIBRARY = "libc++";
				CLANG_ENABLE_MODULES = YES;
				CLANG_ENABLE_OBJC_ARC = YES;
				CLANG_ENABLE_OBJC_WEAK = YES;
				CLANG_WARN_BLOCK_CAPTURE_AUTORELEASING = YES;
				CLANG_WARN_BOOL_CONVERSION = YES;
				CLANG_WARN_COMMA = YES;
				CLANG_WARN_CONSTANT_CONVERSION = YES;
				CLANG_WARN_DEPRECATED_OBJC_IMPLEMENTATIONS = YES;
				CLANG_WARN_DIRECT_OBJC_ISA_USAGE = YES_ERROR;
				CLANG_WARN_DOCUMENTATION_COMMENTS = YES;
				CLANG_WARN_EMPTY_BODY = YES;
				CLANG_WARN_ENUM_CONVERSION = YES;
				CLANG_WARN_INFINITE_RECURSION = YES;
				CLANG_WARN_INT_CONVERSION = YES;
				CLANG_WARN_NON_LITERAL_NULL_CONVERSION = YES;
				CLANG_WARN_OBJC_IMPLICIT_RETAIN_SELF = YES;
				CLANG_WARN_OBJC_LITERAL_CONVERSION = YES;
				CLANG_WARN_OBJC_ROOT_CLASS = YES_ERROR;
				CLANG_WARN_QUOTED_INCLUDE_IN_FRAMEWORK_HEADER = YES;
				CLANG_WARN_RANGE_LOOP_ANALYSIS = YES;
				CLANG_WARN_STRICT_PROTOTYPES = YES;
				CLANG_WARN_SUSPICIOUS_MOVE = YES;
				CLANG_WARN_UNGUARDED_AVAILABILITY = YES_AGGRESSIVE;
				CLANG_WARN_UNREACHABLE_CODE = YES;
				CLANG_WARN__DUPLICATE_METHOD_MATCH = YES;
				COPY_PHASE_STRIP = NO;
				DEBUG_INFORMATION_FORMAT = "dwarf-with-dsym";
				ENABLE_NS_ASSERTIONS = NO;
				ENABLE_STRICT_OBJC_MSGSEND = YES;
				GCC_C_LANGUAGE_STANDARD = gnu11;
				GCC_NO_COMMON_BLOCKS = YES;
				GCC_WARN_64_TO_32_BIT_CONVERSION = YES;
				GCC_WARN_ABOUT_RETURN_TYPE = YES_ERROR;
				GCC_WARN_UNDECLARED_SELECTOR = YES;
				GCC_WARN_UNINITIALIZED_AUTOS = YES_AGGRESSIVE;
				GCC_WARN_UNUSED_FUNCTION = YES;
				GCC_WARN_UNUSED_VARIABLE = YES;
				IPHONEOS_DEPLOYMENT_TARGET = 14.5;
				MTL_ENABLE_DEBUG_INFO = NO;
				MTL_FAST_MATH = YES;
				SDKROOT = iphoneos;
				SWIFT_COMPILATION_MODE = wholemodule;
				SWIFT_OPTIMIZATION_LEVEL = "-O";
				VALIDATE_PRODUCT = YES;
			};
			name = Release;
		};
		BCC8134B26748926007106EB /* Debug */ = {
			isa = XCBuildConfiguration;
			baseConfigurationReference = 6DAB847A870146053FDEFAB5 /* Pods-Itunes Search.debug.xcconfig */;
			buildSettings = {
				ASSETCATALOG_COMPILER_APPICON_NAME = AppIcon;
				ASSETCATALOG_COMPILER_GLOBAL_ACCENT_COLOR_NAME = AccentColor;
				CODE_SIGN_STYLE = Automatic;
				DEVELOPMENT_TEAM = 8P46ZX55J8;
				INFOPLIST_FILE = "Itunes Search/Info.plist";
				LD_RUNPATH_SEARCH_PATHS = (
					"$(inherited)",
					"@executable_path/Frameworks",
				);
				PRODUCT_BUNDLE_IDENTIFIER = "com.lafuenter.Itunes-Search";
				PRODUCT_NAME = "$(TARGET_NAME)";
				SWIFT_VERSION = 5.0;
				TARGETED_DEVICE_FAMILY = "1,2";
			};
			name = Debug;
		};
		BCC8134C26748926007106EB /* Release */ = {
			isa = XCBuildConfiguration;
			baseConfigurationReference = F2F3A144170604D7441C5EBF /* Pods-Itunes Search.release.xcconfig */;
			buildSettings = {
				ASSETCATALOG_COMPILER_APPICON_NAME = AppIcon;
				ASSETCATALOG_COMPILER_GLOBAL_ACCENT_COLOR_NAME = AccentColor;
				CODE_SIGN_STYLE = Automatic;
				DEVELOPMENT_TEAM = 8P46ZX55J8;
				INFOPLIST_FILE = "Itunes Search/Info.plist";
				LD_RUNPATH_SEARCH_PATHS = (
					"$(inherited)",
					"@executable_path/Frameworks",
				);
				PRODUCT_BUNDLE_IDENTIFIER = "com.lafuenter.Itunes-Search";
				PRODUCT_NAME = "$(TARGET_NAME)";
				SWIFT_VERSION = 5.0;
				TARGETED_DEVICE_FAMILY = "1,2";
			};
			name = Release;
		};
/* End XCBuildConfiguration section */

/* Begin XCConfigurationList section */
		BCC8133126748925007106EB /* Build configuration list for PBXProject "Itunes Search" */ = {
			isa = XCConfigurationList;
			buildConfigurations = (
				BCC8134826748926007106EB /* Debug */,
				BCC8134926748926007106EB /* Release */,
			);
			defaultConfigurationIsVisible = 0;
			defaultConfigurationName = Release;
		};
		BCC8134A26748926007106EB /* Build configuration list for PBXNativeTarget "Itunes Search" */ = {
			isa = XCConfigurationList;
			buildConfigurations = (
				BCC8134B26748926007106EB /* Debug */,
				BCC8134C26748926007106EB /* Release */,
			);
			defaultConfigurationIsVisible = 0;
			defaultConfigurationName = Release;
		};
/* End XCConfigurationList section */
	};
	rootObject = BCC8132E26748925007106EB /* Project object */;
}
